{
  "requires": true,
  "lockfileVersion": 1,
  "dependencies": {
    "vue-cli-plugin-tailwind": {
      "version": "2.0.6",
      "resolved": "https://registry.npm.taobao.org/vue-cli-plugin-tailwind/download/vue-cli-plugin-tailwind-2.0.6.tgz",
      "integrity": "sha1-xo1fAKquSYls+I1d00G8vckA7go=",
      "dev": true
    }
  }
}
